
Microsoft Visual Studio Solution File, Format Version 12.00
# Visual Studio Version 17
VisualStudioVersion = 17.0.32126.317
MinimumVisualStudioVersion = 10.0.40219.1
Project("{9A19103F-16F7-4668-BE54-9A1E7A4F7556}") = "GuessTheNumber", "GuessTheNumber\GuessTheNumber.csproj", "{481628B9-38B3-4FAF-B68A-235B256225C8}"
EndProject
Project("{9A19103F-16F7-4668-BE54-9A1E7A4F7556}") = "NumberGameCore", "NumberGame\NumberGameCore.csproj", "{562EF5C9-A851-4961-A628-74232A3BE653}"
EndProject
Project("{9A19103F-16F7-4668-BE54-9A1E7A4F7556}") = "AutoGuesser", "AutoGuesser\AutoGuesser.csproj", "{7AB9F255-8EA0-4CC9-8C67-CCEFD5D7527E}"
EndProject
Project("{9A19103F-16F7-4668-BE54-9A1E7A4F7556}") = "Extras", "Extras\Extras.csproj", "{EC6E481C-43B7-4E2B-825C-A5590E291A3B}"
EndProject
Project("{2150E333-8FDC-42A3-9474-1A3956D46DE8}") = "Tests", "Tests", "{22C24F95-4B4B-4FD4-A2B2-8A152A8449D1}"
EndProject
Project("{9A19103F-16F7-4668-BE54-9A1E7A4F7556}") = "AutoGuesserTest", "AutoGuesserTest\AutoGuesserTest.csproj", "{F54F5554-A686-4817-9A91-F96E3E8AA128}"
EndProject
Project("{FAE04EC0-301F-11D3-BF4B-00C04F79EFBC}") = "GuesserDB", "GuesserDB\GuesserDB.csproj", "{2EAB9F80-9F75-4683-9616-62310B73C949}"
EndProject
Global
	GlobalSection(SolutionConfigurationPlatforms) = preSolution
		Debug|Any CPU = Debug|Any CPU
		Release|Any CPU = Release|Any CPU
	EndGlobalSection
	GlobalSection(ProjectConfigurationPlatforms) = postSolution
		{481628B9-38B3-4FAF-B68A-235B256225C8}.Debug|Any CPU.ActiveCfg = Debug|Any CPU
		{481628B9-38B3-4FAF-B68A-235B256225C8}.Debug|Any CPU.Build.0 = Debug|Any CPU
		{481628B9-38B3-4FAF-B68A-235B256225C8}.Release|Any CPU.ActiveCfg = Release|Any CPU
		{481628B9-38B3-4FAF-B68A-235B256225C8}.Release|Any CPU.Build.0 = Release|Any CPU
		{562EF5C9-A851-4961-A628-74232A3BE653}.Debug|Any CPU.ActiveCfg = Debug|Any CPU
		{562EF5C9-A851-4961-A628-74232A3BE653}.Debug|Any CPU.Build.0 = Debug|Any CPU
		{562EF5C9-A851-4961-A628-74232A3BE653}.Release|Any CPU.ActiveCfg = Release|Any CPU
		{562EF5C9-A851-4961-A628-74232A3BE653}.Release|Any CPU.Build.0 = Release|Any CPU
		{7AB9F255-8EA0-4CC9-8C67-CCEFD5D7527E}.Debug|Any CPU.ActiveCfg = Debug|Any CPU
		{7AB9F255-8EA0-4CC9-8C67-CCEFD5D7527E}.Debug|Any CPU.Build.0 = Debug|Any CPU
		{7AB9F255-8EA0-4CC9-8C67-CCEFD5D7527E}.Release|Any CPU.ActiveCfg = Release|Any CPU
		{7AB9F255-8EA0-4CC9-8C67-CCEFD5D7527E}.Release|Any CPU.Build.0 = Release|Any CPU
		{EC6E481C-43B7-4E2B-825C-A5590E291A3B}.Debug|Any CPU.ActiveCfg = Debug|Any CPU
		{EC6E481C-43B7-4E2B-825C-A5590E291A3B}.Debug|Any CPU.Build.0 = Debug|Any CPU
		{EC6E481C-43B7-4E2B-825C-A5590E291A3B}.Release|Any CPU.ActiveCfg = Release|Any CPU
		{EC6E481C-43B7-4E2B-825C-A5590E291A3B}.Release|Any CPU.Build.0 = Release|Any CPU
		{F54F5554-A686-4817-9A91-F96E3E8AA128}.Debug|Any CPU.ActiveCfg = Debug|Any CPU
		{F54F5554-A686-4817-9A91-F96E3E8AA128}.Debug|Any CPU.Build.0 = Debug|Any CPU
		{F54F5554-A686-4817-9A91-F96E3E8AA128}.Release|Any CPU.ActiveCfg = Release|Any CPU
		{F54F5554-A686-4817-9A91-F96E3E8AA128}.Release|Any CPU.Build.0 = Release|Any CPU
		{2EAB9F80-9F75-4683-9616-62310B73C949}.Debug|Any CPU.ActiveCfg = Debug|Any CPU
		{2EAB9F80-9F75-4683-9616-62310B73C949}.Debug|Any CPU.Build.0 = Debug|Any CPU
		{2EAB9F80-9F75-4683-9616-62310B73C949}.Release|Any CPU.ActiveCfg = Release|Any CPU
		{2EAB9F80-9F75-4683-9616-62310B73C949}.Release|Any CPU.Build.0 = Release|Any CPU
	EndGlobalSection
	GlobalSection(SolutionProperties) = preSolution
		HideSolutionNode = FALSE
	EndGlobalSection
	GlobalSection(NestedProjects) = preSolution
		{F54F5554-A686-4817-9A91-F96E3E8AA128} = {22C24F95-4B4B-4FD4-A2B2-8A152A8449D1}
	EndGlobalSection
	GlobalSection(ExtensibilityGlobals) = postSolution
		SolutionGuid = {D587A8E8-96B3-443E-BD14-4C447558F223}
	EndGlobalSection
EndGlobal
